// !$*UTF8*$!
{
	archiveVersion = 1;
	classes = {
	};
	objectVersion = 50;
	objects = {

/* Begin PBXBuildFile section */
		1BCB93F122548FC400010A40 /* AppDelegate.swift in Sources */ = {isa = PBXBuildFile; fileRef = 1BCB93F022548FC400010A40 /* AppDelegate.swift */; };
		1BCB93F322548FC400010A40 /* ViewController.swift in Sources */ = {isa = PBXBuildFile; fileRef = 1BCB93F222548FC400010A40 /* ViewController.swift */; };
		1BCB93F622548FC400010A40 /* Main.storyboard in Resources */ = {isa = PBXBuildFile; fileRef = 1BCB93F422548FC400010A40 /* Main.storyboard */; };
		1BCB93F822548FC700010A40 /* Assets.xcassets in Resources */ = {isa = PBXBuildFile; fileRef = 1BCB93F722548FC700010A40 /* Assets.xcassets */; };
		1BCB93FB22548FC700010A40 /* LaunchScreen.storyboard in Resources */ = {isa = PBXBuildFile; fileRef = 1BCB93F922548FC700010A40 /* LaunchScreen.storyboard */; };
		1BCB940622548FC700010A40 /* PersistenceServiceExampleTests.swift in Sources */ = {isa = PBXBuildFile; fileRef = 1BCB940522548FC700010A40 /* PersistenceServiceExampleTests.swift */; };
/* End PBXBuildFile section */

/* Begin PBXContainerItemProxy section */
		1BCB940222548FC700010A40 /* PBXContainerItemProxy */ = {
			isa = PBXContainerItemProxy;
			containerPortal = 1BCB93E522548FC400010A40 /* Project object */;
			proxyType = 1;
			remoteGlobalIDString = 1BCB93EC22548FC400010A40;
			remoteInfo = PersistenceServiceExample;
		};
/* End PBXContainerItemProxy section */

/* Begin PBXFileReference section */
		1BCB93ED22548FC400010A40 /* PersistenceServiceExample.app */ = {isa = PBXFileReference; explicitFileType = wrapper.application; includeInIndex = 0; path = PersistenceServiceExample.app; sourceTree = BUILT_PRODUCTS_DIR; };
		1BCB93F022548FC400010A40 /* AppDelegate.swift */ = {isa = PBXFileReference; lastKnownFileType = sourcecode.swift; path = AppDelegate.swift; sourceTree = "<group>"; };
		1BCB93F222548FC400010A40 /* ViewController.swift */ = {isa = PBXFileReference; lastKnownFileType = sourcecode.swift; path = ViewController.swift; sourceTree = "<group>"; };
		1BCB93F522548FC400010A40 /* Base */ = {isa = PBXFileReference; lastKnownFileType = file.storyboard; name = Base; path = Base.lproj/Main.storyboard; sourceTree = "<group>"; };
		1BCB93F722548FC700010A40 /* Assets.xcassets */ = {isa = PBXFileReference; lastKnownFileType = folder.assetcatalog; path = Assets.xcassets; sourceTree = "<group>"; };
		1BCB93FA22548FC700010A40 /* Base */ = {isa = PBXFileReference; lastKnownFileType = file.storyboard; name = Base; path = Base.lproj/LaunchScreen.storyboard; sourceTree = "<group>"; };
		1BCB93FC22548FC700010A40 /* Info.plist */ = {isa = PBXFileReference; lastKnownFileType = text.plist.xml; path = Info.plist; sourceTree = "<group>"; };
		1BCB940122548FC700010A40 /* PersistenceServiceExampleTests.xctest */ = {isa = PBXFileReference; explicitFileType = wrapper.cfbundle; includeInIndex = 0; path = PersistenceServiceExampleTests.xctest; sourceTree = BUILT_PRODUCTS_DIR; };
		1BCB940522548FC700010A40 /* PersistenceServiceExampleTests.swift */ = {isa = PBXFileReference; lastKnownFileType = sourcecode.swift; path = PersistenceServiceExampleTests.swift; sourceTree = "<group>"; };
		1BCB940722548FC700010A40 /* Info.plist */ = {isa = PBXFileReference; lastKnownFileType = text.plist.xml; path = Info.plist; sourceTree = "<group>"; };
/* End PBXFileReference section */

/* Begin PBXFrameworksBuildPhase section */
		1BCB93EA22548FC400010A40 /* Frameworks */ = {
			isa = PBXFrameworksBuildPhase;
			buildActionMask = 2147483647;
			files = (
			);
			runOnlyForDeploymentPostprocessing = 0;
		};
		1BCB93FE22548FC700010A40 /* Frameworks */ = {
			isa = PBXFrameworksBuildPhase;
			buildActionMask = 2147483647;
			files = (
			);
			runOnlyForDeploymentPostprocessing = 0;
		};
/* End PBXFrameworksBuildPhase section */

/* Begin PBXGroup section */
		1BCB93E422548FC400010A40 = {
			isa = PBXGroup;
			children = (
				1BCB93EF22548FC400010A40 /* PersistenceServiceExample */,
				1BCB940422548FC700010A40 /* PersistenceServiceExampleTests */,
				1BCB93EE22548FC400010A40 /* Products */,
			);
			sourceTree = "<group>";
		};
		1BCB93EE22548FC400010A40 /* Products */ = {
			isa = PBXGroup;
			children = (
				1BCB93ED22548FC400010A40 /* PersistenceServiceExample.app */,
				1BCB940122548FC700010A40 /* PersistenceServiceExampleTests.xctest */,
			);
			name = Products;
			sourceTree = "<group>";
		};
		1BCB93EF22548FC400010A40 /* PersistenceServiceExample */ = {
			isa = PBXGroup;
			children = (
				1BCB93F022548FC400010A40 /* AppDelegate.swift */,
				1BCB93F222548FC400010A40 /* ViewController.swift */,
				1BCB93F422548FC400010A40 /* Main.storyboard */,
				1BCB93F722548FC700010A40 /* Assets.xcassets */,
				1BCB93F922548FC700010A40 /* LaunchScreen.storyboard */,
				1BCB93FC22548FC700010A40 /* Info.plist */,
			);
			path = PersistenceServiceExample;
			sourceTree = "<group>";
		};
		1BCB940422548FC700010A40 /* PersistenceServiceExampleTests */ = {
			isa = PBXGroup;
			children = (
				1BCB940522548FC700010A40 /* PersistenceServiceExampleTests.swift */,
				1BCB940722548FC700010A40 /* Info.plist */,
			);
			path = PersistenceServiceExampleTests;
			sourceTree = "<group>";
		};
/* End PBXGroup section */

/* Begin PBXNativeTarget section */
		1BCB93EC22548FC400010A40 /* PersistenceServiceExample */ = {
			isa = PBXNativeTarget;
			buildConfigurationList = 1BCB940A22548FC700010A40 /* Build configuration list for PBXNativeTarget "PersistenceServiceExample" */;
			buildPhases = (
				1BCB93E922548FC400010A40 /* Sources */,
				1BCB93EA22548FC400010A40 /* Frameworks */,
				1BCB93EB22548FC400010A40 /* Resources */,
			);
			buildRules = (
			);
			dependencies = (
			);
			name = PersistenceServiceExample;
			productName = PersistenceServiceExample;
			productReference = 1BCB93ED22548FC400010A40 /* PersistenceServiceExample.app */;
			productType = "com.apple.product-type.application";
		};
		1BCB940022548FC700010A40 /* PersistenceServiceExampleTests */ = {
			isa = PBXNativeTarget;
			buildConfigurationList = 1BCB940D22548FC700010A40 /* Build configuration list for PBXNativeTarget "PersistenceServiceExampleTests" */;
			buildPhases = (
				1BCB93FD22548FC700010A40 /* Sources */,
				1BCB93FE22548FC700010A40 /* Frameworks */,
				1BCB93FF22548FC700010A40 /* Resources */,
			);
			buildRules = (
			);
			dependencies = (
				1BCB940322548FC700010A40 /* PBXTargetDependency */,
			);
			name = PersistenceServiceExampleTests;
			productName = PersistenceServiceExampleTests;
			productReference = 1BCB940122548FC700010A40 /* PersistenceServiceExampleTests.xctest */;
			productType = "com.apple.product-type.bundle.unit-test";
		};
/* End PBXNativeTarget section */

/* Begin PBXProject section */
		1BCB93E522548FC400010A40 /* Project object */ = {
			isa = PBXProject;
			attributes = {
				LastSwiftUpdateCheck = 1020;
				LastUpgradeCheck = 1020;
				ORGANIZATIONNAME = Fr3qFly;
				TargetAttributes = {
					1BCB93EC22548FC400010A40 = {
						CreatedOnToolsVersion = 10.2;
					};
					1BCB940022548FC700010A40 = {
						CreatedOnToolsVersion = 10.2;
						TestTargetID = 1BCB93EC22548FC400010A40;
					};
				};
			};
			buildConfigurationList = 1BCB93E822548FC400010A40 /* Build configuration list for PBXProject "PersistenceServiceExample" */;
			compatibilityVersion = "Xcode 9.3";
			developmentRegion = en;
			hasScannedForEncodings = 0;
			knownRegions = (
				en,
				Base,
			);
			mainGroup = 1BCB93E422548FC400010A40;
			productRefGroup = 1BCB93EE22548FC400010A40 /* Products */;
			projectDirPath = "";
			projectRoot = "";
			targets = (
				1BCB93EC22548FC400010A40 /* PersistenceServiceExample */,
				1BCB940022548FC700010A40 /* PersistenceServiceExampleTests */,
			);
		};
/* End PBXProject section */

/* Begin PBXResourcesBuildPhase section */
		1BCB93EB22548FC400010A40 /* Resources */ = {
			isa = PBXResourcesBuildPhase;
			buildActionMask = 2147483647;
			files = (
				1BCB93FB22548FC700010A40 /* LaunchScreen.storyboard in Resources */,
				1BCB93F822548FC700010A40 /* Assets.xcassets in Resources */,
				1BCB93F622548FC400010A40 /* Main.storyboard in Resources */,
			);
			runOnlyForDeploymentPostprocessing = 0;
		};
		1BCB93FF22548FC700010A40 /* Resources */ = {
			isa = PBXResourcesBuildPhase;
			buildActionMask = 2147483647;
			files = (
			);
			runOnlyForDeploymentPostprocessing = 0;
		};
/* End PBXResourcesBuildPhase section */

/* Begin PBXSourcesBuildPhase section */
		1BCB93E922548FC400010A40 /* Sources */ = {
			isa = PBXSourcesBuildPhase;
			buildActionMask = 2147483647;
			files = (
				1BCB93F322548FC400010A40 /* ViewController.swift in Sources */,
				1BCB93F122548FC400010A40 /* AppDelegate.swift in Sources */,
			);
			runOnlyForDeploymentPostprocessing = 0;
		};
		1BCB93FD22548FC700010A40 /* Sources */ = {
			isa = PBXSourcesBuildPhase;
			buildActionMask = 2147483647;
			files = (
				1BCB940622548FC700010A40 /* PersistenceServiceExampleTests.swift in Sources */,
			);
			runOnlyForDeploymentPostprocessing = 0;
		};
/* End PBXSourcesBuildPhase section */

/* Begin PBXTargetDependency section */
		1BCB940322548FC700010A40 /* PBXTargetDependency */ = {
			isa = PBXTargetDependency;
			target = 1BCB93EC22548FC400010A40 /* PersistenceServiceExample */;
			targetProxy = 1BCB940222548FC700010A40 /* PBXContainerItemProxy */;
		};
/* End PBXTargetDependency section */

/* Begin PBXVariantGroup section */
		1BCB93F422548FC400010A40 /* Main.storyboard */ = {
			isa = PBXVariantGroup;
			children = (
				1BCB93F522548FC400010A40 /* Base */,
			);
			name = Main.storyboard;
			sourceTree = "<group>";
		};
		1BCB93F922548FC700010A40 /* LaunchScreen.storyboard */ = {
			isa = PBXVariantGroup;
			children = (
				1BCB93FA22548FC700010A40 /* Base */,
			);
			name = LaunchScreen.storyboard;
			sourceTree = "<group>";
		};
/* End PBXVariantGroup section */

/* Begin XCBuildConfiguration section */
		1BCB940822548FC700010A40 /* Debug */ = {
			isa = XCBuildConfiguration;
			buildSettings = {
				ALWAYS_SEARCH_USER_PATHS = NO;
				CLANG_ANALYZER_NONNULL = YES;
				CLANG_ANALYZER_NUMBER_OBJECT_CONVERSION = YES_AGGRESSIVE;
				CLANG_CXX_LANGUAGE_STANDARD = "gnu++14";
				CLANG_CXX_LIBRARY = "libc++";
				CLANG_ENABLE_MODULES = YES;
				CLANG_ENABLE_OBJC_ARC = YES;
				CLANG_ENABLE_OBJC_WEAK = YES;
				CLANG_WARN_BLOCK_CAPTURE_AUTORELEASING = YES;
				CLANG_WARN_BOOL_CONVERSION = YES;
				CLANG_WARN_COMMA = YES;
				CLANG_WARN_CONSTANT_CONVERSION = YES;
				CLANG_WARN_DEPRECATED_OBJC_IMPLEMENTATIONS = YES;
				CLANG_WARN_DIRECT_OBJC_ISA_USAGE = YES_ERROR;
				CLANG_WARN_DOCUMENTATION_COMMENTS = YES;
				CLANG_WARN_EMPTY_BODY = YES;
				CLANG_WARN_ENUM_CONVERSION = YES;
				CLANG_WARN_INFINITE_RECURSION = YES;
				CLANG_WARN_INT_CONVERSION = YES;
				CLANG_WARN_NON_LITERAL_NULL_CONVERSION = YES;
				CLANG_WARN_OBJC_IMPLICIT_RETAIN_SELF = YES;
				CLANG_WARN_OBJC_LITERAL_CONVERSION = YES;
				CLANG_WARN_OBJC_ROOT_CLASS = YES_ERROR;
				CLANG_WARN_RANGE_LOOP_ANALYSIS = YES;
				CLANG_WARN_STRICT_PROTOTYPES = YES;
				CLANG_WARN_SUSPICIOUS_MOVE = YES;
				CLANG_WARN_UNGUARDED_AVAILABILITY = YES_AGGRESSIVE;
				CLANG_WARN_UNREACHABLE_CODE = YES;
				CLANG_WARN__DUPLICATE_METHOD_MATCH = YES;
				CODE_SIGN_IDENTITY = "iPhone Developer";
				COPY_PHASE_STRIP = NO;
				DEBUG_INFORMATION_FORMAT = dwarf;
				ENABLE_STRICT_OBJC_MSGSEND = YES;
				ENABLE_TESTABILITY = YES;
				GCC_C_LANGUAGE_STANDARD = gnu11;
				GCC_DYNAMIC_NO_PIC = NO;
				GCC_NO_COMMON_BLOCKS = YES;
				GCC_OPTIMIZATION_LEVEL = 0;
				GCC_PREPROCESSOR_DEFINITIONS = (
					"DEBUG=1",
					"$(inherited)",
				);
				GCC_WARN_64_TO_32_BIT_CONVERSION = YES;
				GCC_WARN_ABOUT_RETURN_TYPE = YES_ERROR;
				GCC_WARN_UNDECLARED_SELECTOR = YES;
				GCC_WARN_UNINITIALIZED_AUTOS = YES_AGGRESSIVE;
				GCC_WARN_UNUSED_FUNCTION = YES;
				GCC_WARN_UNUSED_VARIABLE = YES;
				IPHONEOS_DEPLOYMENT_TARGET = 12.2;
				MTL_ENABLE_DEBUG_INFO = INCLUDE_SOURCE;
				MTL_FAST_MATH = YES;
				ONLY_ACTIVE_ARCH = YES;
				SDKROOT = iphoneos;
				SWIFT_ACTIVE_COMPILATION_CONDITIONS = DEBUG;
				SWIFT_OPTIMIZATION_LEVEL = "-Onone";
			};
			name = Debug;
		};
		1BCB940922548FC700010A40 /* Release */ = {
			isa = XCBuildConfiguration;
			buildSettings = {
				ALWAYS_SEARCH_USER_PATHS = NO;
				CLANG_ANALYZER_NONNULL = YES;
				CLANG_ANALYZER_NUMBER_OBJECT_CONVERSION = YES_AGGRESSIVE;
				CLANG_CXX_LANGUAGE_STANDARD = "gnu++14";
				CLANG_CXX_LIBRARY = "libc++";
				CLANG_ENABLE_MODULES = YES;
				CLANG_ENABLE_OBJC_ARC = YES;
				CLANG_ENABLE_OBJC_WEAK = YES;
				CLANG_WARN_BLOCK_CAPTURE_AUTORELEASING = YES;
				CLANG_WARN_BOOL_CONVERSION = YES;
				CLANG_WARN_COMMA = YES;
				CLANG_WARN_CONSTANT_CONVERSION = YES;
				CLANG_WARN_DEPRECATED_OBJC_IMPLEMENTATIONS = YES;
				CLANG_WARN_DIRECT_OBJC_ISA_USAGE = YES_ERROR;
				CLANG_WARN_DOCUMENTATION_COMMENTS = YES;
				CLANG_WARN_EMPTY_BODY = YES;
				CLANG_WARN_ENUM_CONVERSION = YES;
				CLANG_WARN_INFINITE_RECURSION = YES;
				CLANG_WARN_INT_CONVERSION = YES;
				CLANG_WARN_NON_LITERAL_NULL_CONVERSION = YES;
				CLANG_WARN_OBJC_IMPLICIT_RETAIN_SELF = YES;
				CLANG_WARN_OBJC_LITERAL_CONVERSION = YES;
				CLANG_WARN_OBJC_ROOT_CLASS = YES_ERROR;
				CLANG_WARN_RANGE_LOOP_ANALYSIS = YES;
				CLANG_WARN_STRICT_PROTOTYPES = YES;
				CLANG_WARN_SUSPICIOUS_MOVE = YES;
				CLANG_WARN_UNGUARDED_AVAILABILITY = YES_AGGRESSIVE;
				CLANG_WARN_UNREACHABLE_CODE = YES;
				CLANG_WARN__DUPLICATE_METHOD_MATCH = YES;
				CODE_SIGN_IDENTITY = "iPhone Developer";
				COPY_PHASE_STRIP = NO;
				DEBUG_INFORMATION_FORMAT = "dwarf-with-dsym";
				ENABLE_NS_ASSERTIONS = NO;
				ENABLE_STRICT_OBJC_MSGSEND = YES;
				GCC_C_LANGUAGE_STANDARD = gnu11;
				GCC_NO_COMMON_BLOCKS = YES;
				GCC_WARN_64_TO_32_BIT_CONVERSION = YES;
				GCC_WARN_ABOUT_RETURN_TYPE = YES_ERROR;
				GCC_WARN_UNDECLARED_SELECTOR = YES;
				GCC_WARN_UNINITIALIZED_AUTOS = YES_AGGRESSIVE;
				GCC_WARN_UNUSED_FUNCTION = YES;
				GCC_WARN_UNUSED_VARIABLE = YES;
				IPHONEOS_DEPLOYMENT_TARGET = 12.2;
				MTL_ENABLE_DEBUG_INFO = NO;
				MTL_FAST_MATH = YES;
				SDKROOT = iphoneos;
				SWIFT_COMPILATION_MODE = wholemodule;
				SWIFT_OPTIMIZATION_LEVEL = "-O";
				VALIDATE_PRODUCT = YES;
			};
			name = Release;
		};
		1BCB940B22548FC700010A40 /* Debug */ = {
			isa = XCBuildConfiguration;
			buildSettings = {
				ASSETCATALOG_COMPILER_APPICON_NAME = AppIcon;
				CODE_SIGN_STYLE = Automatic;
				DEVELOPMENT_TEAM = VWUE9JZKY9;
				INFOPLIST_FILE = PersistenceServiceExample/Info.plist;
				LD_RUNPATH_SEARCH_PATHS = (
					"$(inherited)",
					"@executable_path/Frameworks",
				);
				PRODUCT_BUNDLE_IDENTIFIER = com.fr3qfly.PersistenceServiceExample;
				PRODUCT_NAME = "$(TARGET_NAME)";
				SWIFT_VERSION = 5.0;
				TARGETED_DEVICE_FAMILY = "1,2";
			};
			name = Debug;
		};
		1BCB940C22548FC700010A40 /* Release */ = {
			isa = XCBuildConfiguration;
			buildSettings = {
				ASSETCATALOG_COMPILER_APPICON_NAME = AppIcon;
				CODE_SIGN_STYLE = Automatic;
				DEVELOPMENT_TEAM = VWUE9JZKY9;
				INFOPLIST_FILE = PersistenceServiceExample/Info.plist;
				LD_RUNPATH_SEARCH_PATHS = (
					"$(inherited)",
					"@executable_path/Frameworks",
				);
				PRODUCT_BUNDLE_IDENTIFIER = com.fr3qfly.PersistenceServiceExample;
				PRODUCT_NAME = "$(TARGET_NAME)";
				SWIFT_VERSION = 5.0;
				TARGETED_DEVICE_FAMILY = "1,2";
			};
			name = Release;
		};
		1BCB940E22548FC700010A40 /* Debug */ = {
			isa = XCBuildConfiguration;
			buildSettings = {
				ALWAYS_EMBED_SWIFT_STANDARD_LIBRARIES = YES;
				BUNDLE_LOADER = "$(TEST_HOST)";
				CODE_SIGN_STYLE = Automatic;
				DEVELOPMENT_TEAM = VWUE9JZKY9;
				INFOPLIST_FILE = PersistenceServiceExampleTests/Info.plist;
				LD_RUNPATH_SEARCH_PATHS = (
					"$(inherited)",
					"@executable_path/Frameworks",
					"@loader_path/Frameworks",
				);
				PRODUCT_BUNDLE_IDENTIFIER = com.fr3qfly.PersistenceServiceExampleTests;
				PRODUCT_NAME = "$(TARGET_NAME)";
				SWIFT_VERSION = 5.0;
				TARGETED_DEVICE_FAMILY = "1,2";
				TEST_HOST = "$(BUILT_PRODUCTS_DIR)/PersistenceServiceExample.app/PersistenceServiceExample";
			};
			name = Debug;
		};
		1BCB940F22548FC700010A40 /* Release */ = {
			isa = XCBuildConfiguration;
			buildSettings = {
				ALWAYS_EMBED_SWIFT_STANDARD_LIBRARIES = YES;
				BUNDLE_LOADER = "$(TEST_HOST)";
				CODE_SIGN_STYLE = Automatic;
				DEVELOPMENT_TEAM = VWUE9JZKY9;
				INFOPLIST_FILE = PersistenceServiceExampleTests/Info.plist;
				LD_RUNPATH_SEARCH_PATHS = (
					"$(inherited)",
					"@executable_path/Frameworks",
					"@loader_path/Frameworks",
				);
				PRODUCT_BUNDLE_IDENTIFIER = com.fr3qfly.PersistenceServiceExampleTests;
				PRODUCT_NAME = "$(TARGET_NAME)";
				SWIFT_VERSION = 5.0;
				TARGETED_DEVICE_FAMILY = "1,2";
				TEST_HOST = "$(BUILT_PRODUCTS_DIR)/PersistenceServiceExample.app/PersistenceServiceExample";
			};
			name = Release;
		};
/* End XCBuildConfiguration section */

/* Begin XCConfigurationList section */
		1BCB93E822548FC400010A40 /* Build configuration list for PBXProject "PersistenceServiceExample" */ = {
			isa = XCConfigurationList;
			buildConfigurations = (
				1BCB940822548FC700010A40 /* Debug */,
				1BCB940922548FC700010A40 /* Release */,
			);
			defaultConfigurationIsVisible = 0;
			defaultConfigurationName = Release;
		};
		1BCB940A22548FC700010A40 /* Build configuration list for PBXNativeTarget "PersistenceServiceExample" */ = {
			isa = XCConfigurationList;
			buildConfigurations = (
				1BCB940B22548FC700010A40 /* Debug */,
				1BCB940C22548FC700010A40 /* Release */,
			);
			defaultConfigurationIsVisible = 0;
			defaultConfigurationName = Release;
		};
		1BCB940D22548FC700010A40 /* Build configuration list for PBXNativeTarget "PersistenceServiceExampleTests" */ = {
			isa = XCConfigurationList;
			buildConfigurations = (
				1BCB940E22548FC700010A40 /* Debug */,
				1BCB940F22548FC700010A40 /* Release */,
			);
			defaultConfigurationIsVisible = 0;
			defaultConfigurationName = Release;
		};
/* End XCConfigurationList section */
	};
	rootObject = 1BCB93E522548FC400010A40 /* Project object */;
}
